# name	source_url	observed_or_fetched_utc	bytes	sha256	license_observed	vendor_path
Tavares-2024-paper	local:user-supplied/1-s2.0-S004579302400149X-main.pdf	2026-07-15T15:21:24Z	2517702	3f0c22ec21dc9d659cf23cac299a4417ed8f49feae489e8213ab845c8d525b31	CC-BY-4.0-publication-only	NOT_COPIED
popinet-contact-embed.h	https://basilisk.fr/sandbox/popinet/contact/contact-embed.h?raw=	2026-07-15T15:24:45Z	3557	8e8dfba1bdd8497e8480f36ea41a24b3646d518b1eb3eddfd44f089599839c0c	NO_FILE_LEVEL_GRANT	vendor/basilisk-popinet-contact-20260715/contact-embed.h
tavares-README	https://basilisk.fr/sandbox/tavares/README?raw=	2026-07-15T15:24:45Z	1387	c3e2b4699e9580a3344f05c34a7e9076e3e18410b377530361e7222068d2ec36	NO_FILE_LEVEL_GRANT	vendor/basilisk-tavares-20260715/README
tavares-contact-embed.h	https://basilisk.fr/sandbox/tavares/contact-embed.h?raw=	2026-07-15T15:24:45Z	6189	eb64fb5398a3247902aa822aae603904f3605f4251c3e1ea903c2f8841f836d1	NO_FILE_LEVEL_GRANT	vendor/basilisk-tavares-20260715/contact-embed.h
tavares-embed-navier.h	https://basilisk.fr/sandbox/tavares/embed-navier.h?raw=	2026-07-15T15:24:45Z	35755	1be0d0ca45d368e98600d31cbbf8a06deb80e07c23a07aeab41edcf821f01271	NO_FILE_LEVEL_GRANT	vendor/basilisk-tavares-20260715/embed-navier.h
tavares-geometrical_tools.h	https://basilisk.fr/sandbox/tavares/geometrical_tools.h?raw=	2026-07-15T15:24:45Z	4553	fd7abc9f5b7246deec263c2c3f0bbe8b6fab5f9077ff0b30c7e90abbe6b8d788	NO_FILE_LEVEL_GRANT	vendor/basilisk-tavares-20260715/geometrical_tools.h
tavares-test-Makefile	https://basilisk.fr/sandbox/tavares/test_cases/Makefile?raw=	2026-07-15T15:24:45Z	353	5f70dee4d1414ee368a5717e08201dbc938105f8ba45393f79f6a71249dea46e	NO_FILE_LEVEL_GRANT	vendor/basilisk-tavares-20260715/test_cases/Makefile
tavares-droplet-cylinder	https://basilisk.fr/sandbox/tavares/test_cases/droplet-cylinder-embed.c?raw=	2026-07-15T15:24:45Z	2962	2ab41db398062b6146de3dea8b22d70ad7b824eadaeddf1cca32f1052b464379	NO_FILE_LEVEL_GRANT	vendor/basilisk-tavares-20260715/test_cases/droplet-cylinder-embed.c
tavares-impact-thin-fiber	https://basilisk.fr/sandbox/tavares/test_cases/impact-thin-fiber.c?raw=	2026-07-15T15:24:45Z	4978	b2b89124e36ae2d73d0fd925aebb4649dc595c8b194b69085dbfdd2f9d555582	NO_FILE_LEVEL_GRANT	vendor/basilisk-tavares-20260715/test_cases/impact-thin-fiber.c
tavares-sessile-gravity	https://basilisk.fr/sandbox/tavares/test_cases/sessile-embed-gravity.c?raw=	2026-07-15T15:24:45Z	5418	01bc77160160293673548bbc957a94704b8eeecd536792cb9c6eb3bf134cb7e0	NO_FILE_LEVEL_GRANT	vendor/basilisk-tavares-20260715/test_cases/sessile-embed-gravity.c
tavares-sessile-2D	https://basilisk.fr/sandbox/tavares/test_cases/sessile_embed.c?raw=	2026-07-15T15:24:45Z	4251	525d17d14976bf1f12cc68e84f234d8cc6f1278e4a246623673323d98ad36a80	NO_FILE_LEVEL_GRANT	vendor/basilisk-tavares-20260715/test_cases/sessile_embed.c
tavares-sessile-3D	https://basilisk.fr/sandbox/tavares/test_cases/sessile_embed3D.c?raw=	2026-07-15T15:24:45Z	5033	529250bd3379ff50da9410a398f667f01db710ae8743e07ff85eba10787c9027	NO_FILE_LEVEL_GRANT	vendor/basilisk-tavares-20260715/test_cases/sessile_embed3D.c
tavares-slip	https://basilisk.fr/sandbox/tavares/test_cases/slip.c?raw=	2026-07-15T15:24:45Z	4955	38d44a994028c169b1e460506e9679c6a360671db3a32aae187a32a01bd4d2f3	NO_FILE_LEVEL_GRANT	vendor/basilisk-tavares-20260715/test_cases/slip.c
tavares-slot	https://basilisk.fr/sandbox/tavares/test_cases/slot_contact_embed.c?raw=	2026-07-15T15:24:45Z	2157	cc24ac8c7055c3f462b8dd38fcd4f45aed7fc00c90033be3735055f086606c42	NO_FILE_LEVEL_GRANT	vendor/basilisk-tavares-20260715/test_cases/slot_contact_embed.c
